// !$*UTF8*$!
{
	archiveVersion = 1;
	classes = {
	};
	objectVersion = 46;
	objects = {

/* Begin PBXBuildFile section */
		03FA92DC1DC5402C0003C01D /* main.c in Sources */ = {isa = PBXBuildFile; fileRef = 03FA92DB1DC5402C0003C01D /* main.c */; };
		03FA92EB1DC541350003C01D /* libjson-c.a in Frameworks */ = {isa = PBXBuildFile; fileRef = 03FA92E71DC540A90003C01D /* libjson-c.a */; };
/* End PBXBuildFile section */

/* Begin PBXCopyFilesBuildPhase section */
		03FA92D61DC5402C0003C01D /* CopyFiles */ = {
			isa = PBXCopyFilesBuildPhase;
			buildActionMask = 2147483647;
			dstPath = /usr/share/man/man1/;
			dstSubfolderSpec = 0;
			files = (
			);
			runOnlyForDeploymentPostprocessing = 1;
		};
/* End PBXCopyFilesBuildPhase section */

/* Begin PBXFileReference section */
		03FA92D81DC5402C0003C01D /* test_json_c */ = {isa = PBXFileReference; explicitFileType = "compiled.mach-o.executable"; includeInIndex = 0; path = test_json_c; sourceTree = BUILT_PRODUCTS_DIR; };
		03FA92DB1DC5402C0003C01D /* main.c */ = {isa = PBXFileReference; lastKnownFileType = sourcecode.c.c; path = main.c; sourceTree = "<group>"; };
		03FA92E51DC540890003C01D /* libjson-c.2.dylib */ = {isa = PBXFileReference; lastKnownFileType = "compiled.mach-o.dylib"; name = "libjson-c.2.dylib"; path = "../test_json-c/json-c/.libs/libjson-c.2.dylib"; sourceTree = "<group>"; };
		03FA92E71DC540A90003C01D /* libjson-c.a */ = {isa = PBXFileReference; lastKnownFileType = archive.ar; name = "libjson-c.a"; path = "../test_json-c/json-c/.libs/libjson-c.a"; sourceTree = "<group>"; };
		03FA92E91DC540F90003C01D /* libjson-c.a */ = {isa = PBXFileReference; lastKnownFileType = archive.ar; name = "libjson-c.a"; path = "../../../../../../usr/local/lib/libjson-c.a"; sourceTree = "<group>"; };
/* End PBXFileReference section */

/* Begin PBXFrameworksBuildPhase section */
		03FA92D51DC5402C0003C01D /* Frameworks */ = {
			isa = PBXFrameworksBuildPhase;
			buildActionMask = 2147483647;
			files = (
				03FA92EB1DC541350003C01D /* libjson-c.a in Frameworks */,
			);
			runOnlyForDeploymentPostprocessing = 0;
		};
/* End PBXFrameworksBuildPhase section */

/* Begin PBXGroup section */
		03FA92CF1DC5402C0003C01D = {
			isa = PBXGroup;
			children = (
				03FA92DA1DC5402C0003C01D /* test_json_c */,
				03FA92D91DC5402C0003C01D /* Products */,
				03FA92E41DC540890003C01D /* Frameworks */,
			);
			sourceTree = "<group>";
		};
		03FA92D91DC5402C0003C01D /* Products */ = {
			isa = PBXGroup;
			children = (
				03FA92D81DC5402C0003C01D /* test_json_c */,
			);
			name = Products;
			sourceTree = "<group>";
		};
		03FA92DA1DC5402C0003C01D /* test_json_c */ = {
			isa = PBXGroup;
			children = (
				03FA92DB1DC5402C0003C01D /* main.c */,
			);
			path = test_json_c;
			sourceTree = "<group>";
		};
		03FA92E41DC540890003C01D /* Frameworks */ = {
			isa = PBXGroup;
			children = (
				03FA92E91DC540F90003C01D /* libjson-c.a */,
				03FA92E71DC540A90003C01D /* libjson-c.a */,
				03FA92E51DC540890003C01D /* libjson-c.2.dylib */,
			);
			name = Frameworks;
			sourceTree = "<group>";
		};
/* End PBXGroup section */

/* Begin PBXNativeTarget section */
		03FA92D71DC5402C0003C01D /* test_json_c */ = {
			isa = PBXNativeTarget;
			buildConfigurationList = 03FA92DF1DC5402C0003C01D /* Build configuration list for PBXNativeTarget "test_json_c" */;
			buildPhases = (
				03FA92D41DC5402C0003C01D /* Sources */,
				03FA92D51DC5402C0003C01D /* Frameworks */,
				03FA92D61DC5402C0003C01D /* CopyFiles */,
			);
			buildRules = (
			);
			dependencies = (
			);
			name = test_json_c;
			productName = test_json_c;
			productReference = 03FA92D81DC5402C0003C01D /* test_json_c */;
			productType = "com.apple.product-type.tool";
		};
/* End PBXNativeTarget section */

/* Begin PBXProject section */
		03FA92D01DC5402C0003C01D /* Project object */ = {
			isa = PBXProject;
			attributes = {
				LastUpgradeCheck = 0800;
				ORGANIZATIONNAME = "Nicolas Seriot";
				TargetAttributes = {
					03FA92D71DC5402C0003C01D = {
						CreatedOnToolsVersion = 8.0;
						DevelopmentTeam = VBYRKYS73S;
						ProvisioningStyle = Automatic;
					};
				};
			};
			buildConfigurationList = 03FA92D31DC5402C0003C01D /* Build configuration list for PBXProject "test_json_c" */;
			compatibilityVersion = "Xcode 3.2";
			developmentRegion = English;
			hasScannedForEncodings = 0;
			knownRegions = (
				en,
			);
			mainGroup = 03FA92CF1DC5402C0003C01D;
			productRefGroup = 03FA92D91DC5402C0003C01D /* Products */;
			projectDirPath = "";
			projectRoot = "";
			targets = (
				03FA92D71DC5402C0003C01D /* test_json_c */,
			);
		};
/* End PBXProject section */

/* Begin PBXSourcesBuildPhase section */
		03FA92D41DC5402C0003C01D /* Sources */ = {
			isa = PBXSourcesBuildPhase;
			buildActionMask = 2147483647;
			files = (
				03FA92DC1DC5402C0003C01D /* main.c in Sources */,
			);
			runOnlyForDeploymentPostprocessing = 0;
		};
/* End PBXSourcesBuildPhase section */

/* Begin XCBuildConfiguration section */
		03FA92DD1DC5402C0003C01D /* Debug */ = {
			isa = XCBuildConfiguration;
			buildSettings = {
				ALWAYS_SEARCH_USER_PATHS = NO;
				CLANG_ANALYZER_NONNULL = YES;
				CLANG_CXX_LANGUAGE_STANDARD = "gnu++0x";
				CLANG_CXX_LIBRARY = "libc++";
				CLANG_ENABLE_MODULES = YES;
				CLANG_ENABLE_OBJC_ARC = YES;
				CLANG_WARN_BOOL_CONVERSION = YES;
				CLANG_WARN_CONSTANT_CONVERSION = YES;
				CLANG_WARN_DIRECT_OBJC_ISA_USAGE = YES_ERROR;
				CLANG_WARN_DOCUMENTATION_COMMENTS = YES;
				CLANG_WARN_EMPTY_BODY = YES;
				CLANG_WARN_ENUM_CONVERSION = YES;
				CLANG_WARN_INFINITE_RECURSION = YES;
				CLANG_WARN_INT_CONVERSION = YES;
				CLANG_WARN_OBJC_ROOT_CLASS = YES_ERROR;
				CLANG_WARN_SUSPICIOUS_MOVES = YES;
				CLANG_WARN_UNREACHABLE_CODE = YES;
				CLANG_WARN__DUPLICATE_METHOD_MATCH = YES;
				CODE_SIGN_IDENTITY = "-";
				COPY_PHASE_STRIP = NO;
				DEBUG_INFORMATION_FORMAT = dwarf;
				ENABLE_STRICT_OBJC_MSGSEND = YES;
				ENABLE_TESTABILITY = YES;
				GCC_C_LANGUAGE_STANDARD = gnu99;
				GCC_DYNAMIC_NO_PIC = NO;
				GCC_NO_COMMON_BLOCKS = YES;
				GCC_OPTIMIZATION_LEVEL = 0;
				GCC_PREPROCESSOR_DEFINITIONS = (
					"DEBUG=1",
					"$(inherited)",
				);
				GCC_WARN_64_TO_32_BIT_CONVERSION = YES;
				GCC_WARN_ABOUT_RETURN_TYPE = YES_ERROR;
				GCC_WARN_UNDECLARED_SELECTOR = YES;
				GCC_WARN_UNINITIALIZED_AUTOS = YES_AGGRESSIVE;
				GCC_WARN_UNUSED_FUNCTION = YES;
				GCC_WARN_UNUSED_VARIABLE = YES;
				MACOSX_DEPLOYMENT_TARGET = 10.12;
				MTL_ENABLE_DEBUG_INFO = YES;
				ONLY_ACTIVE_ARCH = YES;
				SDKROOT = macosx;
			};
			name = Debug;
		};
		03FA92DE1DC5402C0003C01D /* Release */ = {
			isa = XCBuildConfiguration;
			buildSettings = {
				ALWAYS_SEARCH_USER_PATHS = NO;
				CLANG_ANALYZER_NONNULL = YES;
				CLANG_CXX_LANGUAGE_STANDARD = "gnu++0x";
				CLANG_CXX_LIBRARY = "libc++";
				CLANG_ENABLE_MODULES = YES;
				CLANG_ENABLE_OBJC_ARC = YES;
				CLANG_WARN_BOOL_CONVERSION = YES;
				CLANG_WARN_CONSTANT_CONVERSION = YES;
				CLANG_WARN_DIRECT_OBJC_ISA_USAGE = YES_ERROR;
				CLANG_WARN_DOCUMENTATION_COMMENTS = YES;
				CLANG_WARN_EMPTY_BODY = YES;
				CLANG_WARN_ENUM_CONVERSION = YES;
				CLANG_WARN_INFINITE_RECURSION = YES;
				CLANG_WARN_INT_CONVERSION = YES;
				CLANG_WARN_OBJC_ROOT_CLASS = YES_ERROR;
				CLANG_WARN_SUSPICIOUS_MOVES = YES;
				CLANG_WARN_UNREACHABLE_CODE = YES;
				CLANG_WARN__DUPLICATE_METHOD_MATCH = YES;
				CODE_SIGN_IDENTITY = "-";
				COPY_PHASE_STRIP = NO;
				DEBUG_INFORMATION_FORMAT = "dwarf-with-dsym";
				ENABLE_NS_ASSERTIONS = NO;
				ENABLE_STRICT_OBJC_MSGSEND = YES;
				GCC_C_LANGUAGE_STANDARD = gnu99;
				GCC_NO_COMMON_BLOCKS = YES;
				GCC_WARN_64_TO_32_BIT_CONVERSION = YES;
				GCC_WARN_ABOUT_RETURN_TYPE = YES_ERROR;
				GCC_WARN_UNDECLARED_SELECTOR = YES;
				GCC_WARN_UNINITIALIZED_AUTOS = YES_AGGRESSIVE;
				GCC_WARN_UNUSED_FUNCTION = YES;
				GCC_WARN_UNUSED_VARIABLE = YES;
				MACOSX_DEPLOYMENT_TARGET = 10.12;
				MTL_ENABLE_DEBUG_INFO = NO;
				SDKROOT = macosx;
			};
			name = Release;
		};
		03FA92E01DC5402C0003C01D /* Debug */ = {
			isa = XCBuildConfiguration;
			buildSettings = {
				DEVELOPMENT_TEAM = VBYRKYS73S;
				HEADER_SEARCH_PATHS = "\"$(SRCROOT)/../test_json-c/json-c\"";
				LIBRARY_SEARCH_PATHS = "\"$(SRCROOT)/../test_json-c/json-c/.libs\"";
				PRODUCT_NAME = "$(TARGET_NAME)";
			};
			name = Debug;
		};
		03FA92E11DC5402C0003C01D /* Release */ = {
			isa = XCBuildConfiguration;
			buildSettings = {
				DEVELOPMENT_TEAM = VBYRKYS73S;
				HEADER_SEARCH_PATHS = "\"$(SRCROOT)/../test_json-c/json-c\"";
				LIBRARY_SEARCH_PATHS = "\"$(SRCROOT)/../test_json-c/json-c/.libs\"";
				PRODUCT_NAME = "$(TARGET_NAME)";
			};
			name = Release;
		};
/* End XCBuildConfiguration section */

/* Begin XCConfigurationList section */
		03FA92D31DC5402C0003C01D /* Build configuration list for PBXProject "test_json_c" */ = {
			isa = XCConfigurationList;
			buildConfigurations = (
				03FA92DD1DC5402C0003C01D /* Debug */,
				03FA92DE1DC5402C0003C01D /* Release */,
			);
			defaultConfigurationIsVisible = 0;
			defaultConfigurationName = Release;
		};
		03FA92DF1DC5402C0003C01D /* Build configuration list for PBXNativeTarget "test_json_c" */ = {
			isa = XCConfigurationList;
			buildConfigurations = (
				03FA92E01DC5402C0003C01D /* Debug */,
				03FA92E11DC5402C0003C01D /* Release */,
			);
			defaultConfigurationIsVisible = 0;
		};
/* End XCConfigurationList section */
	};
	rootObject = 03FA92D01DC5402C0003C01D /* Project object */;
}
